
Microsoft Visual Studio Solution File, Format Version 12.00
# Visual Studio 15
Project("{FAE04EC0-301F-11D3-BF4B-00C04F79EFBC}") = "7.9._Studio_FunWithQuizzes", "7.9._Studio_FunWithQuizzes.csproj", "{ABC97FFA-0CDE-4B65-8E86-3A3346217515}"
EndProject
Global
	GlobalSection(SolutionConfigurationPlatforms) = preSolution
		Debug|Any CPU = Debug|Any CPU
		Release|Any CPU = Release|Any CPU
	EndGlobalSection
	GlobalSection(ProjectConfigurationPlatforms) = postSolution
		{ABC97FFA-0CDE-4B65-8E86-3A3346217515}.Debug|Any CPU.ActiveCfg = Debug|Any CPU
		{ABC97FFA-0CDE-4B65-8E86-3A3346217515}.Debug|Any CPU.Build.0 = Debug|Any CPU
		{ABC97FFA-0CDE-4B65-8E86-3A3346217515}.Release|Any CPU.ActiveCfg = Release|Any CPU
		{ABC97FFA-0CDE-4B65-8E86-3A3346217515}.Release|Any CPU.Build.0 = Release|Any CPU
	EndGlobalSection
EndGlobal
